
Microsoft Visual Studio Solution File, Format Version 12.00
# Visual Studio Version 17
VisualStudioVersion = 17.4.33205.214
MinimumVisualStudioVersion = 10.0.40219.1
Project("{8BC9CEB8-8B4A-11D0-8D11-00A0C91BC942}") = "Lang3", "Lang3.vcxproj", "{17C8BA3A-C6B6-4AD4-9920-A49EC6B6DBAF}"
EndProject
Global
	GlobalSection(SolutionConfigurationPlatforms) = preSolution
		Debug|x64 = Debug|x64
		Debug|x86 = Debug|x86
		Release|x64 = Release|x64
		Release|x86 = Release|x86
	EndGlobalSection
	GlobalSection(ProjectConfigurationPlatforms) = postSolution
		{17C8BA3A-C6B6-4AD4-9920-A49EC6B6DBAF}.Debug|x64.ActiveCfg = Debug|x64
		{17C8BA3A-C6B6-4AD4-9920-A49EC6B6DBAF}.Debug|x64.Build.0 = Debug|x64
		{17C8BA3A-C6B6-4AD4-9920-A49EC6B6DBAF}.Debug|x86.ActiveCfg = Debug|Win32
		{17C8BA3A-C6B6-4AD4-9920-A49EC6B6DBAF}.Debug|x86.Build.0 = Debug|Win32
		{17C8BA3A-C6B6-4AD4-9920-A49EC6B6DBAF}.Release|x64.ActiveCfg = Release|x64
		{17C8BA3A-C6B6-4AD4-9920-A49EC6B6DBAF}.Release|x64.Build.0 = Release|x64
		{17C8BA3A-C6B6-4AD4-9920-A49EC6B6DBAF}.Release|x86.ActiveCfg = Release|Win32
		{17C8BA3A-C6B6-4AD4-9920-A49EC6B6DBAF}.Release|x86.Build.0 = Release|Win32
	EndGlobalSection
	GlobalSection(SolutionProperties) = preSolution
		HideSolutionNode = FALSE
	EndGlobalSection
	GlobalSection(ExtensibilityGlobals) = postSolution
		SolutionGuid = {ED65F5B9-8AB7-4EDE-94A1-EEAFBC88CF1E}
	EndGlobalSection
EndGlobal
